
Microsoft Visual Studio Solution File, Format Version 12.00
# Visual Studio Version 16
VisualStudioVersion = 16.0.30114.105
MinimumVisualStudioVersion = 10.0.40219.1
Project("{FAE04EC0-301F-11D3-BF4B-00C04F79EFBC}") = "API", "API\API.csproj", "{830762A9-E305-4BAD-A357-67EC5B0F7A92}"
EndProject
Project("{FAE04EC0-301F-11D3-BF4B-00C04F79EFBC}") = "Application", "Application\Application.csproj", "{37129F0E-D149-4213-97FF-22B9C5EDD54D}"
EndProject
Project("{FAE04EC0-301F-11D3-BF4B-00C04F79EFBC}") = "Persistence", "Persistence\Persistence.csproj", "{C6A623B1-3E89-4E00-8E03-C594312FB29A}"
EndProject
Project("{FAE04EC0-301F-11D3-BF4B-00C04F79EFBC}") = "Domain", "Domain\Domain.csproj", "{318DB586-060A-4ADD-897A-9E488F2E7055}"
EndProject
Global
	GlobalSection(SolutionConfigurationPlatforms) = preSolution
		Debug|Any CPU = Debug|Any CPU
		Debug|x64 = Debug|x64
		Debug|x86 = Debug|x86
		Release|Any CPU = Release|Any CPU
		Release|x64 = Release|x64
		Release|x86 = Release|x86
	EndGlobalSection
	GlobalSection(SolutionProperties) = preSolution
		HideSolutionNode = FALSE
	EndGlobalSection
	GlobalSection(ProjectConfigurationPlatforms) = postSolution
		{830762A9-E305-4BAD-A357-67EC5B0F7A92}.Debug|Any CPU.ActiveCfg = Debug|Any CPU
		{830762A9-E305-4BAD-A357-67EC5B0F7A92}.Debug|Any CPU.Build.0 = Debug|Any CPU
		{830762A9-E305-4BAD-A357-67EC5B0F7A92}.Debug|x64.ActiveCfg = Debug|Any CPU
		{830762A9-E305-4BAD-A357-67EC5B0F7A92}.Debug|x64.Build.0 = Debug|Any CPU
		{830762A9-E305-4BAD-A357-67EC5B0F7A92}.Debug|x86.ActiveCfg = Debug|Any CPU
		{830762A9-E305-4BAD-A357-67EC5B0F7A92}.Debug|x86.Build.0 = Debug|Any CPU
		{830762A9-E305-4BAD-A357-67EC5B0F7A92}.Release|Any CPU.ActiveCfg = Release|Any CPU
		{830762A9-E305-4BAD-A357-67EC5B0F7A92}.Release|Any CPU.Build.0 = Release|Any CPU
		{830762A9-E305-4BAD-A357-67EC5B0F7A92}.Release|x64.ActiveCfg = Release|Any CPU
		{830762A9-E305-4BAD-A357-67EC5B0F7A92}.Release|x64.Build.0 = Release|Any CPU
		{830762A9-E305-4BAD-A357-67EC5B0F7A92}.Release|x86.ActiveCfg = Release|Any CPU
		{830762A9-E305-4BAD-A357-67EC5B0F7A92}.Release|x86.Build.0 = Release|Any CPU
		{37129F0E-D149-4213-97FF-22B9C5EDD54D}.Debug|Any CPU.ActiveCfg = Debug|Any CPU
		{37129F0E-D149-4213-97FF-22B9C5EDD54D}.Debug|Any CPU.Build.0 = Debug|Any CPU
		{37129F0E-D149-4213-97FF-22B9C5EDD54D}.Debug|x64.ActiveCfg = Debug|Any CPU
		{37129F0E-D149-4213-97FF-22B9C5EDD54D}.Debug|x64.Build.0 = Debug|Any CPU
		{37129F0E-D149-4213-97FF-22B9C5EDD54D}.Debug|x86.ActiveCfg = Debug|Any CPU
		{37129F0E-D149-4213-97FF-22B9C5EDD54D}.Debug|x86.Build.0 = Debug|Any CPU
		{37129F0E-D149-4213-97FF-22B9C5EDD54D}.Release|Any CPU.ActiveCfg = Release|Any CPU
		{37129F0E-D149-4213-97FF-22B9C5EDD54D}.Release|Any CPU.Build.0 = Release|Any CPU
		{37129F0E-D149-4213-97FF-22B9C5EDD54D}.Release|x64.ActiveCfg = Release|Any CPU
		{37129F0E-D149-4213-97FF-22B9C5EDD54D}.Release|x64.Build.0 = Release|Any CPU
		{37129F0E-D149-4213-97FF-22B9C5EDD54D}.Release|x86.ActiveCfg = Release|Any CPU
		{37129F0E-D149-4213-97FF-22B9C5EDD54D}.Release|x86.Build.0 = Release|Any CPU
		{C6A623B1-3E89-4E00-8E03-C594312FB29A}.Debug|Any CPU.ActiveCfg = Debug|Any CPU
		{C6A623B1-3E89-4E00-8E03-C594312FB29A}.Debug|Any CPU.Build.0 = Debug|Any CPU
		{C6A623B1-3E89-4E00-8E03-C594312FB29A}.Debug|x64.ActiveCfg = Debug|Any CPU
		{C6A623B1-3E89-4E00-8E03-C594312FB29A}.Debug|x64.Build.0 = Debug|Any CPU
		{C6A623B1-3E89-4E00-8E03-C594312FB29A}.Debug|x86.ActiveCfg = Debug|Any CPU
		{C6A623B1-3E89-4E00-8E03-C594312FB29A}.Debug|x86.Build.0 = Debug|Any CPU
		{C6A623B1-3E89-4E00-8E03-C594312FB29A}.Release|Any CPU.ActiveCfg = Release|Any CPU
		{C6A623B1-3E89-4E00-8E03-C594312FB29A}.Release|Any CPU.Build.0 = Release|Any CPU
		{C6A623B1-3E89-4E00-8E03-C594312FB29A}.Release|x64.ActiveCfg = Release|Any CPU
		{C6A623B1-3E89-4E00-8E03-C594312FB29A}.Release|x64.Build.0 = Release|Any CPU
		{C6A623B1-3E89-4E00-8E03-C594312FB29A}.Release|x86.ActiveCfg = Release|Any CPU
		{C6A623B1-3E89-4E00-8E03-C594312FB29A}.Release|x86.Build.0 = Release|Any CPU
		{318DB586-060A-4ADD-897A-9E488F2E7055}.Debug|Any CPU.ActiveCfg = Debug|Any CPU
		{318DB586-060A-4ADD-897A-9E488F2E7055}.Debug|Any CPU.Build.0 = Debug|Any CPU
		{318DB586-060A-4ADD-897A-9E488F2E7055}.Debug|x64.ActiveCfg = Debug|Any CPU
		{318DB586-060A-4ADD-897A-9E488F2E7055}.Debug|x64.Build.0 = Debug|Any CPU
		{318DB586-060A-4ADD-897A-9E488F2E7055}.Debug|x86.ActiveCfg = Debug|Any CPU
		{318DB586-060A-4ADD-897A-9E488F2E7055}.Debug|x86.Build.0 = Debug|Any CPU
		{318DB586-060A-4ADD-897A-9E488F2E7055}.Release|Any CPU.ActiveCfg = Release|Any CPU
		{318DB586-060A-4ADD-897A-9E488F2E7055}.Release|Any CPU.Build.0 = Release|Any CPU
		{318DB586-060A-4ADD-897A-9E488F2E7055}.Release|x64.ActiveCfg = Release|Any CPU
		{318DB586-060A-4ADD-897A-9E488F2E7055}.Release|x64.Build.0 = Release|Any CPU
		{318DB586-060A-4ADD-897A-9E488F2E7055}.Release|x86.ActiveCfg = Release|Any CPU
		{318DB586-060A-4ADD-897A-9E488F2E7055}.Release|x86.Build.0 = Release|Any CPU
	EndGlobalSection
EndGlobal
